
Microsoft Visual Studio Solution File, Format Version 12.00
# Visual Studio Version 17
VisualStudioVersion = 17.0.31903.59
MinimumVisualStudioVersion = 10.0.40219.1
Project("{FAE04EC0-301F-11D3-BF4B-00C04F79EFBC}") = "Monnaie", "Monnaie\Monnaie.csproj", "{3BF9AD5E-E21E-4507-B113-5B932625120B}"
EndProject
Global
	GlobalSection(SolutionConfigurationPlatforms) = preSolution
		Debug|Any CPU = Debug|Any CPU
		Release|Any CPU = Release|Any CPU
	EndGlobalSection
	GlobalSection(SolutionProperties) = preSolution
		HideSolutionNode = FALSE
	EndGlobalSection
	GlobalSection(ProjectConfigurationPlatforms) = postSolution
		{3BF9AD5E-E21E-4507-B113-5B932625120B}.Debug|Any CPU.ActiveCfg = Debug|Any CPU
		{3BF9AD5E-E21E-4507-B113-5B932625120B}.Debug|Any CPU.Build.0 = Debug|Any CPU
		{3BF9AD5E-E21E-4507-B113-5B932625120B}.Release|Any CPU.ActiveCfg = Release|Any CPU
		{3BF9AD5E-E21E-4507-B113-5B932625120B}.Release|Any CPU.Build.0 = Release|Any CPU
	EndGlobalSection
EndGlobal
